
Microsoft Visual Studio Solution File, Format Version 11.00
# Visual Studio 2010
Project("{FAE04EC0-301F-11D3-BF4B-00C04F79EFBC}") = "Assembly-CSharp", "Assembly-CSharp.csproj", "{e60c6898-7587-2d7d-0157-4edb12002802}"
EndProject
Project("{FAE04EC0-301F-11D3-BF4B-00C04F79EFBC}") = "Assembly-CSharp-Editor", "Assembly-CSharp-Editor.csproj", "{cde4fa6d-3cb8-97ad-124b-ec8e08f936d7}"
EndProject
Global
	GlobalSection(SolutionConfigurationPlatforms) = preSolution
		Debug|Any CPU = Debug|Any CPU
	EndGlobalSection
	GlobalSection(ProjectConfigurationPlatforms) = postSolution
		{e60c6898-7587-2d7d-0157-4edb12002802}.Debug|Any CPU.ActiveCfg = Debug|Any CPU
		{e60c6898-7587-2d7d-0157-4edb12002802}.Debug|Any CPU.Build.0 = Debug|Any CPU
		{cde4fa6d-3cb8-97ad-124b-ec8e08f936d7}.Debug|Any CPU.ActiveCfg = Debug|Any CPU
		{cde4fa6d-3cb8-97ad-124b-ec8e08f936d7}.Debug|Any CPU.Build.0 = Debug|Any CPU
	EndGlobalSection
	GlobalSection(SolutionProperties) = preSolution
		HideSolutionNode = FALSE
	EndGlobalSection
EndGlobal
